
Microsoft Visual Studio Solution File, Format Version 12.00
# Visual Studio Version 17
VisualStudioVersion = 17.13.35825.156 d17.13
MinimumVisualStudioVersion = 10.0.40219.1
Project("{FAE04EC0-301F-11D3-BF4B-00C04F79EFBC}") = "MyProject.Android", "MyProject.Android\MyProject.Android.csproj", "{D15F7D40-C07E-4CA8-B3CA-2368EC357565}"
EndProject
Project("{FAE04EC0-301F-11D3-BF4B-00C04F79EFBC}") = "MyProject.iOS", "MyProject.iOS\MyProject.iOS.csproj", "{B1C09F33-16CB-436C-85F4-F6D75ADA693B}"
EndProject
Project("{FAE04EC0-301F-11D3-BF4B-00C04F79EFBC}") = "MyProject", "MyProject\MyProject.csproj", "{3204422A-F938-448A-981A-C503DC7703DF}"
EndProject
Project("{FAE04EC0-301F-11D3-BF4B-00C04F79EFBC}") = "XamarinAPI", "..\XamarinAPI\XamarinAPI.csproj", "{C372F65D-F560-4EB1-A10A-525B942ECA75}"
EndProject
Global
	GlobalSection(SolutionConfigurationPlatforms) = preSolution
		Debug|Any CPU = Debug|Any CPU
		Release|Any CPU = Release|Any CPU
	EndGlobalSection
	GlobalSection(ProjectConfigurationPlatforms) = postSolution
		{D15F7D40-C07E-4CA8-B3CA-2368EC357565}.Debug|Any CPU.ActiveCfg = Debug|Any CPU
		{D15F7D40-C07E-4CA8-B3CA-2368EC357565}.Debug|Any CPU.Build.0 = Debug|Any CPU
		{D15F7D40-C07E-4CA8-B3CA-2368EC357565}.Debug|Any CPU.Deploy.0 = Debug|Any CPU
		{D15F7D40-C07E-4CA8-B3CA-2368EC357565}.Release|Any CPU.ActiveCfg = Release|Any CPU
		{D15F7D40-C07E-4CA8-B3CA-2368EC357565}.Release|Any CPU.Build.0 = Release|Any CPU
		{D15F7D40-C07E-4CA8-B3CA-2368EC357565}.Release|Any CPU.Deploy.0 = Release|Any CPU
		{B1C09F33-16CB-436C-85F4-F6D75ADA693B}.Debug|Any CPU.ActiveCfg = Debug|iPhone
		{B1C09F33-16CB-436C-85F4-F6D75ADA693B}.Debug|Any CPU.Build.0 = Debug|iPhone
		{B1C09F33-16CB-436C-85F4-F6D75ADA693B}.Debug|Any CPU.Deploy.0 = Debug|iPhone
		{B1C09F33-16CB-436C-85F4-F6D75ADA693B}.Release|Any CPU.ActiveCfg = Release|iPhoneSimulator
		{B1C09F33-16CB-436C-85F4-F6D75ADA693B}.Release|Any CPU.Build.0 = Release|iPhoneSimulator
		{B1C09F33-16CB-436C-85F4-F6D75ADA693B}.Release|Any CPU.Deploy.0 = Release|iPhoneSimulator
		{3204422A-F938-448A-981A-C503DC7703DF}.Debug|Any CPU.ActiveCfg = Debug|Any CPU
		{3204422A-F938-448A-981A-C503DC7703DF}.Debug|Any CPU.Build.0 = Debug|Any CPU
		{3204422A-F938-448A-981A-C503DC7703DF}.Debug|Any CPU.Deploy.0 = Debug|Any CPU
		{3204422A-F938-448A-981A-C503DC7703DF}.Release|Any CPU.ActiveCfg = Release|Any CPU
		{3204422A-F938-448A-981A-C503DC7703DF}.Release|Any CPU.Build.0 = Release|Any CPU
		{3204422A-F938-448A-981A-C503DC7703DF}.Release|Any CPU.Deploy.0 = Release|Any CPU
		{C372F65D-F560-4EB1-A10A-525B942ECA75}.Debug|Any CPU.ActiveCfg = Debug|Any CPU
		{C372F65D-F560-4EB1-A10A-525B942ECA75}.Debug|Any CPU.Build.0 = Debug|Any CPU
		{C372F65D-F560-4EB1-A10A-525B942ECA75}.Release|Any CPU.ActiveCfg = Release|Any CPU
		{C372F65D-F560-4EB1-A10A-525B942ECA75}.Release|Any CPU.Build.0 = Release|Any CPU
	EndGlobalSection
	GlobalSection(SolutionProperties) = preSolution
		HideSolutionNode = FALSE
	EndGlobalSection
	GlobalSection(ExtensibilityGlobals) = postSolution
		SolutionGuid = {67B45335-834F-4176-B365-3C92DBD0A407}
	EndGlobalSection
EndGlobal
